
Microsoft Visual Studio Solution File, Format Version 12.00
# Visual Studio 14
VisualStudioVersion = 14.0.24720.0
MinimumVisualStudioVersion = 10.0.40219.1
Project("{8BC9CEB8-8B4A-11D0-8D11-00A0C91BC942}") = "Exercise 1-1", "Exercise 1-1\Exercise 1-1.vcxproj", "{F397A131-5F76-427E-8FDF-5EEF0549BF87}"
EndProject
Project("{8BC9CEB8-8B4A-11D0-8D11-00A0C91BC942}") = "Exercise 1-2", "Exercise 1-2\Exercise 1-2.vcxproj", "{D80F6805-45B1-4CFD-903D-A4DACD555732}"
EndProject
Project("{8BC9CEB8-8B4A-11D0-8D11-00A0C91BC942}") = "Exercise 1-3", "Exercise 1-3\Exercise 1-3.vcxproj", "{8F7E6F4F-5EB3-4A68-8A6A-93BBAD0CB692}"
EndProject
Project("{8BC9CEB8-8B4A-11D0-8D11-00A0C91BC942}") = "Exercise 1-4", "Exercise 1-4\Exercise 1-4.vcxproj", "{26A4DC36-32FE-4B49-B8C9-8D1A588E657B}"
EndProject
Project("{8BC9CEB8-8B4A-11D0-8D11-00A0C91BC942}") = "Exercise 1-5", "Exercise 1-5\Exercise 1-5.vcxproj", "{44E8DCC6-C440-4CAD-B767-538FE35AD1F2}"
EndProject
Project("{8BC9CEB8-8B4A-11D0-8D11-00A0C91BC942}") = "Exercise 1-6", "Exercise 1-6\Exercise 1-6.vcxproj", "{40292697-7B32-427C-8CBB-FA467EA5A11F}"
EndProject
Project("{8BC9CEB8-8B4A-11D0-8D11-00A0C91BC942}") = "Exercise 1-7", "Exercise 1-7\Exercise 1-7.vcxproj", "{1C7B516E-ECE9-4A5D-B25D-C5E7C6563C2C}"
EndProject
Project("{8BC9CEB8-8B4A-11D0-8D11-00A0C91BC942}") = "Exercise 1-8", "Exercise 1-8\Exercise 1-8.vcxproj", "{073259F7-645C-4655-BDF7-B9C3E2E13DD2}"
EndProject
Project("{8BC9CEB8-8B4A-11D0-8D11-00A0C91BC942}") = "Exercise 1-9", "Exercise 1-9\Exercise 1-9.vcxproj", "{48BED15E-FCE1-45DF-AF04-8090F918A568}"
EndProject
Project("{8BC9CEB8-8B4A-11D0-8D11-00A0C91BC942}") = "Exercise 1-10", "Exercise 1-10\Exercise 1-10.vcxproj", "{6C95FFA5-F589-463E-846A-65782E50DB42}"
EndProject
Project("{8BC9CEB8-8B4A-11D0-8D11-00A0C91BC942}") = "Exercise 1-12", "Exercise 1-12\Exercise 1-12.vcxproj", "{B06830E9-08DA-4BD9-9620-05B4870FB11E}"
EndProject
Project("{8BC9CEB8-8B4A-11D0-8D11-00A0C91BC942}") = "Exercise 1-15", "Exercise 1-15\Exercise 1-15.vcxproj", "{52F46A1B-CF39-4F7B-A2B4-FDEB432F8553}"
EndProject
Project("{8BC9CEB8-8B4A-11D0-8D11-00A0C91BC942}") = "Exercise 1-16", "Exercise 1-16\Exercise 1-16.vcxproj", "{A4EE07F8-E9B8-449C-931A-C7900B1D2F55}"
EndProject
Project("{8BC9CEB8-8B4A-11D0-8D11-00A0C91BC942}") = "Exercise 1-17", "Exercise 1-17\Exercise 1-17.vcxproj", "{248B5F3E-D19F-42ED-9308-8C5176329DCC}"
EndProject
Project("{8BC9CEB8-8B4A-11D0-8D11-00A0C91BC942}") = "Exercise 1-18", "Exercise 1-18\Exercise 1-18.vcxproj", "{EE63E574-83B7-4082-A8E6-DAFA6EEABE48}"
EndProject
Project("{8BC9CEB8-8B4A-11D0-8D11-00A0C91BC942}") = "Exercise 1-19", "Exercise 1-19\Exercise 1-19.vcxproj", "{1CCE31A7-5003-4E8A-B1E7-4C2FB8934F73}"
EndProject
Project("{8BC9CEB8-8B4A-11D0-8D11-00A0C91BC942}") = "Exercise 1-20", "Exercise 1-20\Exercise 1-20.vcxproj", "{B7E88744-D6FE-4DDA-891D-9125701F4E95}"
EndProject
Project("{8BC9CEB8-8B4A-11D0-8D11-00A0C91BC942}") = "Exercise 1-21", "Exercise 1-21\Exercise 1-21.vcxproj", "{1B0C057A-C1E8-4DDE-A538-2BD8D16FDBA6}"
EndProject
Project("{8BC9CEB8-8B4A-11D0-8D11-00A0C91BC942}") = "Exercise 1-23", "Exercise 1-23\Exercise 1-23.vcxproj", "{F31DD4E2-D869-4DDA-9DE2-AF7926FDB0EA}"
EndProject
Project("{8BC9CEB8-8B4A-11D0-8D11-00A0C91BC942}") = "Exercise 1-22", "Exercise 1-22\Exercise 1-22.vcxproj", "{2FB22E2A-831A-404F-A3BA-FBB8CB7F08E7}"
EndProject
Project("{8BC9CEB8-8B4A-11D0-8D11-00A0C91BC942}") = "Exercise 1-24", "Exercise 1-24\Exercise 1-24.vcxproj", "{42A415DF-B184-4C34-8303-2B6658D4D5EC}"
EndProject
Project("{8BC9CEB8-8B4A-11D0-8D11-00A0C91BC942}") = "Exercise 2-1", "Exercise 2-1\Exercise 2-1.vcxproj", "{608ADD41-B5B1-4C33-8966-58DAEF235724}"
EndProject
Project("{8BC9CEB8-8B4A-11D0-8D11-00A0C91BC942}") = "Exercise 1-14", "Exercise 1-14\Exercise 1-14.vcxproj", "{BBC0AE9B-0777-45E1-91C0-603DF7F79453}"
EndProject
Project("{8BC9CEB8-8B4A-11D0-8D11-00A0C91BC942}") = "Exercise 2-2", "Exercise 2-2\Exercise 2-2.vcxproj", "{2E4B40D7-B3C3-4542-9CDD-D25765DC64A8}"
EndProject
Project("{8BC9CEB8-8B4A-11D0-8D11-00A0C91BC942}") = "Exercise 2-3", "Exercise 2-3\Exercise 2-3.vcxproj", "{3E9467A6-C29D-4187-AD8E-60CCC0843B0A}"
EndProject
Global
	GlobalSection(SolutionConfigurationPlatforms) = preSolution
		Debug|x64 = Debug|x64
		Debug|x86 = Debug|x86
		Release|x64 = Release|x64
		Release|x86 = Release|x86
	EndGlobalSection
	GlobalSection(ProjectConfigurationPlatforms) = postSolution
		{F397A131-5F76-427E-8FDF-5EEF0549BF87}.Debug|x64.ActiveCfg = Debug|x64
		{F397A131-5F76-427E-8FDF-5EEF0549BF87}.Debug|x64.Build.0 = Debug|x64
		{F397A131-5F76-427E-8FDF-5EEF0549BF87}.Debug|x86.ActiveCfg = Debug|Win32
		{F397A131-5F76-427E-8FDF-5EEF0549BF87}.Debug|x86.Build.0 = Debug|Win32
		{F397A131-5F76-427E-8FDF-5EEF0549BF87}.Release|x64.ActiveCfg = Release|x64
		{F397A131-5F76-427E-8FDF-5EEF0549BF87}.Release|x64.Build.0 = Release|x64
		{F397A131-5F76-427E-8FDF-5EEF0549BF87}.Release|x86.ActiveCfg = Release|Win32
		{F397A131-5F76-427E-8FDF-5EEF0549BF87}.Release|x86.Build.0 = Release|Win32
		{D80F6805-45B1-4CFD-903D-A4DACD555732}.Debug|x64.ActiveCfg = Debug|x64
		{D80F6805-45B1-4CFD-903D-A4DACD555732}.Debug|x64.Build.0 = Debug|x64
		{D80F6805-45B1-4CFD-903D-A4DACD555732}.Debug|x86.ActiveCfg = Debug|Win32
		{D80F6805-45B1-4CFD-903D-A4DACD555732}.Debug|x86.Build.0 = Debug|Win32
		{D80F6805-45B1-4CFD-903D-A4DACD555732}.Release|x64.ActiveCfg = Release|x64
		{D80F6805-45B1-4CFD-903D-A4DACD555732}.Release|x64.Build.0 = Release|x64
		{D80F6805-45B1-4CFD-903D-A4DACD555732}.Release|x86.ActiveCfg = Release|Win32
		{D80F6805-45B1-4CFD-903D-A4DACD555732}.Release|x86.Build.0 = Release|Win32
		{8F7E6F4F-5EB3-4A68-8A6A-93BBAD0CB692}.Debug|x64.ActiveCfg = Debug|x64
		{8F7E6F4F-5EB3-4A68-8A6A-93BBAD0CB692}.Debug|x64.Build.0 = Debug|x64
		{8F7E6F4F-5EB3-4A68-8A6A-93BBAD0CB692}.Debug|x86.ActiveCfg = Debug|Win32
		{8F7E6F4F-5EB3-4A68-8A6A-93BBAD0CB692}.Debug|x86.Build.0 = Debug|Win32
		{8F7E6F4F-5EB3-4A68-8A6A-93BBAD0CB692}.Release|x64.ActiveCfg = Release|x64
		{8F7E6F4F-5EB3-4A68-8A6A-93BBAD0CB692}.Release|x64.Build.0 = Release|x64
		{8F7E6F4F-5EB3-4A68-8A6A-93BBAD0CB692}.Release|x86.ActiveCfg = Release|Win32
		{8F7E6F4F-5EB3-4A68-8A6A-93BBAD0CB692}.Release|x86.Build.0 = Release|Win32
		{26A4DC36-32FE-4B49-B8C9-8D1A588E657B}.Debug|x64.ActiveCfg = Debug|x64
		{26A4DC36-32FE-4B49-B8C9-8D1A588E657B}.Debug|x64.Build.0 = Debug|x64
		{26A4DC36-32FE-4B49-B8C9-8D1A588E657B}.Debug|x86.ActiveCfg = Debug|Win32
		{26A4DC36-32FE-4B49-B8C9-8D1A588E657B}.Debug|x86.Build.0 = Debug|Win32
		{26A4DC36-32FE-4B49-B8C9-8D1A588E657B}.Release|x64.ActiveCfg = Release|x64
		{26A4DC36-32FE-4B49-B8C9-8D1A588E657B}.Release|x64.Build.0 = Release|x64
		{26A4DC36-32FE-4B49-B8C9-8D1A588E657B}.Release|x86.ActiveCfg = Release|Win32
		{26A4DC36-32FE-4B49-B8C9-8D1A588E657B}.Release|x86.Build.0 = Release|Win32
		{44E8DCC6-C440-4CAD-B767-538FE35AD1F2}.Debug|x64.ActiveCfg = Debug|x64
		{44E8DCC6-C440-4CAD-B767-538FE35AD1F2}.Debug|x64.Build.0 = Debug|x64
		{44E8DCC6-C440-4CAD-B767-538FE35AD1F2}.Debug|x86.ActiveCfg = Debug|Win32
		{44E8DCC6-C440-4CAD-B767-538FE35AD1F2}.Debug|x86.Build.0 = Debug|Win32
		{44E8DCC6-C440-4CAD-B767-538FE35AD1F2}.Release|x64.ActiveCfg = Release|x64
		{44E8DCC6-C440-4CAD-B767-538FE35AD1F2}.Release|x64.Build.0 = Release|x64
		{44E8DCC6-C440-4CAD-B767-538FE35AD1F2}.Release|x86.ActiveCfg = Release|Win32
		{44E8DCC6-C440-4CAD-B767-538FE35AD1F2}.Release|x86.Build.0 = Release|Win32
		{40292697-7B32-427C-8CBB-FA467EA5A11F}.Debug|x64.ActiveCfg = Debug|x64
		{40292697-7B32-427C-8CBB-FA467EA5A11F}.Debug|x64.Build.0 = Debug|x64
		{40292697-7B32-427C-8CBB-FA467EA5A11F}.Debug|x86.ActiveCfg = Debug|Win32
		{40292697-7B32-427C-8CBB-FA467EA5A11F}.Debug|x86.Build.0 = Debug|Win32
		{40292697-7B32-427C-8CBB-FA467EA5A11F}.Release|x64.ActiveCfg = Release|x64
		{40292697-7B32-427C-8CBB-FA467EA5A11F}.Release|x64.Build.0 = Release|x64
		{40292697-7B32-427C-8CBB-FA467EA5A11F}.Release|x86.ActiveCfg = Release|Win32
		{40292697-7B32-427C-8CBB-FA467EA5A11F}.Release|x86.Build.0 = Release|Win32
		{1C7B516E-ECE9-4A5D-B25D-C5E7C6563C2C}.Debug|x64.ActiveCfg = Debug|x64
		{1C7B516E-ECE9-4A5D-B25D-C5E7C6563C2C}.Debug|x64.Build.0 = Debug|x64
		{1C7B516E-ECE9-4A5D-B25D-C5E7C6563C2C}.Debug|x86.ActiveCfg = Debug|Win32
		{1C7B516E-ECE9-4A5D-B25D-C5E7C6563C2C}.Debug|x86.Build.0 = Debug|Win32
		{1C7B516E-ECE9-4A5D-B25D-C5E7C6563C2C}.Release|x64.ActiveCfg = Release|x64
		{1C7B516E-ECE9-4A5D-B25D-C5E7C6563C2C}.Release|x64.Build.0 = Release|x64
		{1C7B516E-ECE9-4A5D-B25D-C5E7C6563C2C}.Release|x86.ActiveCfg = Release|Win32
		{1C7B516E-ECE9-4A5D-B25D-C5E7C6563C2C}.Release|x86.Build.0 = Release|Win32
		{073259F7-645C-4655-BDF7-B9C3E2E13DD2}.Debug|x64.ActiveCfg = Debug|x64
		{073259F7-645C-4655-BDF7-B9C3E2E13DD2}.Debug|x64.Build.0 = Debug|x64
		{073259F7-645C-4655-BDF7-B9C3E2E13DD2}.Debug|x86.ActiveCfg = Debug|Win32
		{073259F7-645C-4655-BDF7-B9C3E2E13DD2}.Debug|x86.Build.0 = Debug|Win32
		{073259F7-645C-4655-BDF7-B9C3E2E13DD2}.Release|x64.ActiveCfg = Release|x64
		{073259F7-645C-4655-BDF7-B9C3E2E13DD2}.Release|x64.Build.0 = Release|x64
		{073259F7-645C-4655-BDF7-B9C3E2E13DD2}.Release|x86.ActiveCfg = Release|Win32
		{073259F7-645C-4655-BDF7-B9C3E2E13DD2}.Release|x86.Build.0 = Release|Win32
		{48BED15E-FCE1-45DF-AF04-8090F918A568}.Debug|x64.ActiveCfg = Debug|x64
		{48BED15E-FCE1-45DF-AF04-8090F918A568}.Debug|x64.Build.0 = Debug|x64
		{48BED15E-FCE1-45DF-AF04-8090F918A568}.Debug|x86.ActiveCfg = Debug|Win32
		{48BED15E-FCE1-45DF-AF04-8090F918A568}.Debug|x86.Build.0 = Debug|Win32
		{48BED15E-FCE1-45DF-AF04-8090F918A568}.Release|x64.ActiveCfg = Release|x64
		{48BED15E-FCE1-45DF-AF04-8090F918A568}.Release|x64.Build.0 = Release|x64
		{48BED15E-FCE1-45DF-AF04-8090F918A568}.Release|x86.ActiveCfg = Release|Win32
		{48BED15E-FCE1-45DF-AF04-8090F918A568}.Release|x86.Build.0 = Release|Win32
		{6C95FFA5-F589-463E-846A-65782E50DB42}.Debug|x64.ActiveCfg = Debug|x64
		{6C95FFA5-F589-463E-846A-65782E50DB42}.Debug|x64.Build.0 = Debug|x64
		{6C95FFA5-F589-463E-846A-65782E50DB42}.Debug|x86.ActiveCfg = Debug|Win32
		{6C95FFA5-F589-463E-846A-65782E50DB42}.Debug|x86.Build.0 = Debug|Win32
		{6C95FFA5-F589-463E-846A-65782E50DB42}.Release|x64.ActiveCfg = Release|x64
		{6C95FFA5-F589-463E-846A-65782E50DB42}.Release|x64.Build.0 = Release|x64
		{6C95FFA5-F589-463E-846A-65782E50DB42}.Release|x86.ActiveCfg = Release|Win32
		{6C95FFA5-F589-463E-846A-65782E50DB42}.Release|x86.Build.0 = Release|Win32
		{B06830E9-08DA-4BD9-9620-05B4870FB11E}.Debug|x64.ActiveCfg = Debug|x64
		{B06830E9-08DA-4BD9-9620-05B4870FB11E}.Debug|x64.Build.0 = Debug|x64
		{B06830E9-08DA-4BD9-9620-05B4870FB11E}.Debug|x86.ActiveCfg = Debug|Win32
		{B06830E9-08DA-4BD9-9620-05B4870FB11E}.Debug|x86.Build.0 = Debug|Win32
		{B06830E9-08DA-4BD9-9620-05B4870FB11E}.Release|x64.ActiveCfg = Release|x64
		{B06830E9-08DA-4BD9-9620-05B4870FB11E}.Release|x64.Build.0 = Release|x64
		{B06830E9-08DA-4BD9-9620-05B4870FB11E}.Release|x86.ActiveCfg = Release|Win32
		{B06830E9-08DA-4BD9-9620-05B4870FB11E}.Release|x86.Build.0 = Release|Win32
		{52F46A1B-CF39-4F7B-A2B4-FDEB432F8553}.Debug|x64.ActiveCfg = Debug|x64
		{52F46A1B-CF39-4F7B-A2B4-FDEB432F8553}.Debug|x64.Build.0 = Debug|x64
		{52F46A1B-CF39-4F7B-A2B4-FDEB432F8553}.Debug|x86.ActiveCfg = Debug|Win32
		{52F46A1B-CF39-4F7B-A2B4-FDEB432F8553}.Debug|x86.Build.0 = Debug|Win32
		{52F46A1B-CF39-4F7B-A2B4-FDEB432F8553}.Release|x64.ActiveCfg = Release|x64
		{52F46A1B-CF39-4F7B-A2B4-FDEB432F8553}.Release|x64.Build.0 = Release|x64
		{52F46A1B-CF39-4F7B-A2B4-FDEB432F8553}.Release|x86.ActiveCfg = Release|Win32
		{52F46A1B-CF39-4F7B-A2B4-FDEB432F8553}.Release|x86.Build.0 = Release|Win32
		{A4EE07F8-E9B8-449C-931A-C7900B1D2F55}.Debug|x64.ActiveCfg = Debug|x64
		{A4EE07F8-E9B8-449C-931A-C7900B1D2F55}.Debug|x64.Build.0 = Debug|x64
		{A4EE07F8-E9B8-449C-931A-C7900B1D2F55}.Debug|x86.ActiveCfg = Debug|Win32
		{A4EE07F8-E9B8-449C-931A-C7900B1D2F55}.Debug|x86.Build.0 = Debug|Win32
		{A4EE07F8-E9B8-449C-931A-C7900B1D2F55}.Release|x64.ActiveCfg = Release|x64
		{A4EE07F8-E9B8-449C-931A-C7900B1D2F55}.Release|x64.Build.0 = Release|x64
		{A4EE07F8-E9B8-449C-931A-C7900B1D2F55}.Release|x86.ActiveCfg = Release|Win32
		{A4EE07F8-E9B8-449C-931A-C7900B1D2F55}.Release|x86.Build.0 = Release|Win32
		{248B5F3E-D19F-42ED-9308-8C5176329DCC}.Debug|x64.ActiveCfg = Debug|x64
		{248B5F3E-D19F-42ED-9308-8C5176329DCC}.Debug|x64.Build.0 = Debug|x64
		{248B5F3E-D19F-42ED-9308-8C5176329DCC}.Debug|x86.ActiveCfg = Debug|Win32
		{248B5F3E-D19F-42ED-9308-8C5176329DCC}.Debug|x86.Build.0 = Debug|Win32
		{248B5F3E-D19F-42ED-9308-8C5176329DCC}.Release|x64.ActiveCfg = Release|x64
		{248B5F3E-D19F-42ED-9308-8C5176329DCC}.Release|x64.Build.0 = Release|x64
		{248B5F3E-D19F-42ED-9308-8C5176329DCC}.Release|x86.ActiveCfg = Release|Win32
		{248B5F3E-D19F-42ED-9308-8C5176329DCC}.Release|x86.Build.0 = Release|Win32
		{EE63E574-83B7-4082-A8E6-DAFA6EEABE48}.Debug|x64.ActiveCfg = Debug|x64
		{EE63E574-83B7-4082-A8E6-DAFA6EEABE48}.Debug|x64.Build.0 = Debug|x64
		{EE63E574-83B7-4082-A8E6-DAFA6EEABE48}.Debug|x86.ActiveCfg = Debug|Win32
		{EE63E574-83B7-4082-A8E6-DAFA6EEABE48}.Debug|x86.Build.0 = Debug|Win32
		{EE63E574-83B7-4082-A8E6-DAFA6EEABE48}.Release|x64.ActiveCfg = Release|x64
		{EE63E574-83B7-4082-A8E6-DAFA6EEABE48}.Release|x64.Build.0 = Release|x64
		{EE63E574-83B7-4082-A8E6-DAFA6EEABE48}.Release|x86.ActiveCfg = Release|Win32
		{EE63E574-83B7-4082-A8E6-DAFA6EEABE48}.Release|x86.Build.0 = Release|Win32
		{1CCE31A7-5003-4E8A-B1E7-4C2FB8934F73}.Debug|x64.ActiveCfg = Debug|x64
		{1CCE31A7-5003-4E8A-B1E7-4C2FB8934F73}.Debug|x64.Build.0 = Debug|x64
		{1CCE31A7-5003-4E8A-B1E7-4C2FB8934F73}.Debug|x86.ActiveCfg = Debug|Win32
		{1CCE31A7-5003-4E8A-B1E7-4C2FB8934F73}.Debug|x86.Build.0 = Debug|Win32
		{1CCE31A7-5003-4E8A-B1E7-4C2FB8934F73}.Release|x64.ActiveCfg = Release|x64
		{1CCE31A7-5003-4E8A-B1E7-4C2FB8934F73}.Release|x64.Build.0 = Release|x64
		{1CCE31A7-5003-4E8A-B1E7-4C2FB8934F73}.Release|x86.ActiveCfg = Release|Win32
		{1CCE31A7-5003-4E8A-B1E7-4C2FB8934F73}.Release|x86.Build.0 = Release|Win32
		{B7E88744-D6FE-4DDA-891D-9125701F4E95}.Debug|x64.ActiveCfg = Debug|x64
		{B7E88744-D6FE-4DDA-891D-9125701F4E95}.Debug|x64.Build.0 = Debug|x64
		{B7E88744-D6FE-4DDA-891D-9125701F4E95}.Debug|x86.ActiveCfg = Debug|Win32
		{B7E88744-D6FE-4DDA-891D-9125701F4E95}.Debug|x86.Build.0 = Debug|Win32
		{B7E88744-D6FE-4DDA-891D-9125701F4E95}.Release|x64.ActiveCfg = Release|x64
		{B7E88744-D6FE-4DDA-891D-9125701F4E95}.Release|x64.Build.0 = Release|x64
		{B7E88744-D6FE-4DDA-891D-9125701F4E95}.Release|x86.ActiveCfg = Release|Win32
		{B7E88744-D6FE-4DDA-891D-9125701F4E95}.Release|x86.Build.0 = Release|Win32
		{1B0C057A-C1E8-4DDE-A538-2BD8D16FDBA6}.Debug|x64.ActiveCfg = Debug|x64
		{1B0C057A-C1E8-4DDE-A538-2BD8D16FDBA6}.Debug|x64.Build.0 = Debug|x64
		{1B0C057A-C1E8-4DDE-A538-2BD8D16FDBA6}.Debug|x86.ActiveCfg = Debug|Win32
		{1B0C057A-C1E8-4DDE-A538-2BD8D16FDBA6}.Debug|x86.Build.0 = Debug|Win32
		{1B0C057A-C1E8-4DDE-A538-2BD8D16FDBA6}.Release|x64.ActiveCfg = Release|x64
		{1B0C057A-C1E8-4DDE-A538-2BD8D16FDBA6}.Release|x64.Build.0 = Release|x64
		{1B0C057A-C1E8-4DDE-A538-2BD8D16FDBA6}.Release|x86.ActiveCfg = Release|Win32
		{1B0C057A-C1E8-4DDE-A538-2BD8D16FDBA6}.Release|x86.Build.0 = Release|Win32
		{F31DD4E2-D869-4DDA-9DE2-AF7926FDB0EA}.Debug|x64.ActiveCfg = Debug|x64
		{F31DD4E2-D869-4DDA-9DE2-AF7926FDB0EA}.Debug|x64.Build.0 = Debug|x64
		{F31DD4E2-D869-4DDA-9DE2-AF7926FDB0EA}.Debug|x86.ActiveCfg = Debug|Win32
		{F31DD4E2-D869-4DDA-9DE2-AF7926FDB0EA}.Debug|x86.Build.0 = Debug|Win32
		{F31DD4E2-D869-4DDA-9DE2-AF7926FDB0EA}.Release|x64.ActiveCfg = Release|x64
		{F31DD4E2-D869-4DDA-9DE2-AF7926FDB0EA}.Release|x64.Build.0 = Release|x64
		{F31DD4E2-D869-4DDA-9DE2-AF7926FDB0EA}.Release|x86.ActiveCfg = Release|Win32
		{F31DD4E2-D869-4DDA-9DE2-AF7926FDB0EA}.Release|x86.Build.0 = Release|Win32
		{2FB22E2A-831A-404F-A3BA-FBB8CB7F08E7}.Debug|x64.ActiveCfg = Debug|x64
		{2FB22E2A-831A-404F-A3BA-FBB8CB7F08E7}.Debug|x64.Build.0 = Debug|x64
		{2FB22E2A-831A-404F-A3BA-FBB8CB7F08E7}.Debug|x86.ActiveCfg = Debug|Win32
		{2FB22E2A-831A-404F-A3BA-FBB8CB7F08E7}.Debug|x86.Build.0 = Debug|Win32
		{2FB22E2A-831A-404F-A3BA-FBB8CB7F08E7}.Release|x64.ActiveCfg = Release|x64
		{2FB22E2A-831A-404F-A3BA-FBB8CB7F08E7}.Release|x64.Build.0 = Release|x64
		{2FB22E2A-831A-404F-A3BA-FBB8CB7F08E7}.Release|x86.ActiveCfg = Release|Win32
		{2FB22E2A-831A-404F-A3BA-FBB8CB7F08E7}.Release|x86.Build.0 = Release|Win32
		{42A415DF-B184-4C34-8303-2B6658D4D5EC}.Debug|x64.ActiveCfg = Debug|x64
		{42A415DF-B184-4C34-8303-2B6658D4D5EC}.Debug|x64.Build.0 = Debug|x64
		{42A415DF-B184-4C34-8303-2B6658D4D5EC}.Debug|x86.ActiveCfg = Debug|Win32
		{42A415DF-B184-4C34-8303-2B6658D4D5EC}.Debug|x86.Build.0 = Debug|Win32
		{42A415DF-B184-4C34-8303-2B6658D4D5EC}.Release|x64.ActiveCfg = Release|x64
		{42A415DF-B184-4C34-8303-2B6658D4D5EC}.Release|x64.Build.0 = Release|x64
		{42A415DF-B184-4C34-8303-2B6658D4D5EC}.Release|x86.ActiveCfg = Release|Win32
		{42A415DF-B184-4C34-8303-2B6658D4D5EC}.Release|x86.Build.0 = Release|Win32
		{608ADD41-B5B1-4C33-8966-58DAEF235724}.Debug|x64.ActiveCfg = Debug|x64
		{608ADD41-B5B1-4C33-8966-58DAEF235724}.Debug|x64.Build.0 = Debug|x64
		{608ADD41-B5B1-4C33-8966-58DAEF235724}.Debug|x86.ActiveCfg = Debug|Win32
		{608ADD41-B5B1-4C33-8966-58DAEF235724}.Debug|x86.Build.0 = Debug|Win32
		{608ADD41-B5B1-4C33-8966-58DAEF235724}.Release|x64.ActiveCfg = Release|x64
		{608ADD41-B5B1-4C33-8966-58DAEF235724}.Release|x64.Build.0 = Release|x64
		{608ADD41-B5B1-4C33-8966-58DAEF235724}.Release|x86.ActiveCfg = Release|Win32
		{608ADD41-B5B1-4C33-8966-58DAEF235724}.Release|x86.Build.0 = Release|Win32
		{BBC0AE9B-0777-45E1-91C0-603DF7F79453}.Debug|x64.ActiveCfg = Debug|x64
		{BBC0AE9B-0777-45E1-91C0-603DF7F79453}.Debug|x64.Build.0 = Debug|x64
		{BBC0AE9B-0777-45E1-91C0-603DF7F79453}.Debug|x86.ActiveCfg = Debug|Win32
		{BBC0AE9B-0777-45E1-91C0-603DF7F79453}.Debug|x86.Build.0 = Debug|Win32
		{BBC0AE9B-0777-45E1-91C0-603DF7F79453}.Release|x64.ActiveCfg = Release|x64
		{BBC0AE9B-0777-45E1-91C0-603DF7F79453}.Release|x64.Build.0 = Release|x64
		{BBC0AE9B-0777-45E1-91C0-603DF7F79453}.Release|x86.ActiveCfg = Release|Win32
		{BBC0AE9B-0777-45E1-91C0-603DF7F79453}.Release|x86.Build.0 = Release|Win32
		{2E4B40D7-B3C3-4542-9CDD-D25765DC64A8}.Debug|x64.ActiveCfg = Debug|x64
		{2E4B40D7-B3C3-4542-9CDD-D25765DC64A8}.Debug|x64.Build.0 = Debug|x64
		{2E4B40D7-B3C3-4542-9CDD-D25765DC64A8}.Debug|x86.ActiveCfg = Debug|Win32
		{2E4B40D7-B3C3-4542-9CDD-D25765DC64A8}.Debug|x86.Build.0 = Debug|Win32
		{2E4B40D7-B3C3-4542-9CDD-D25765DC64A8}.Release|x64.ActiveCfg = Release|x64
		{2E4B40D7-B3C3-4542-9CDD-D25765DC64A8}.Release|x64.Build.0 = Release|x64
		{2E4B40D7-B3C3-4542-9CDD-D25765DC64A8}.Release|x86.ActiveCfg = Release|Win32
		{2E4B40D7-B3C3-4542-9CDD-D25765DC64A8}.Release|x86.Build.0 = Release|Win32
		{3E9467A6-C29D-4187-AD8E-60CCC0843B0A}.Debug|x64.ActiveCfg = Debug|x64
		{3E9467A6-C29D-4187-AD8E-60CCC0843B0A}.Debug|x64.Build.0 = Debug|x64
		{3E9467A6-C29D-4187-AD8E-60CCC0843B0A}.Debug|x86.ActiveCfg = Debug|Win32
		{3E9467A6-C29D-4187-AD8E-60CCC0843B0A}.Debug|x86.Build.0 = Debug|Win32
		{3E9467A6-C29D-4187-AD8E-60CCC0843B0A}.Release|x64.ActiveCfg = Release|x64
		{3E9467A6-C29D-4187-AD8E-60CCC0843B0A}.Release|x64.Build.0 = Release|x64
		{3E9467A6-C29D-4187-AD8E-60CCC0843B0A}.Release|x86.ActiveCfg = Release|Win32
		{3E9467A6-C29D-4187-AD8E-60CCC0843B0A}.Release|x86.Build.0 = Release|Win32
	EndGlobalSection
	GlobalSection(SolutionProperties) = preSolution
		HideSolutionNode = FALSE
	EndGlobalSection
EndGlobal
